
Microsoft Visual Studio Solution File, Format Version 12.00
# Visual Studio Version 16
VisualStudioVersion = 16.0.31515.178
MinimumVisualStudioVersion = 10.0.40219.1
Project("{FAE04EC0-301F-11D3-BF4B-00C04F79EFBC}") = "Smart_Store.Web", "Smart_Store.Web\Smart_Store.Web.csproj", "{B0D0F35E-02C6-423E-9E06-32747A904839}"
EndProject
Project("{FAE04EC0-301F-11D3-BF4B-00C04F79EFBC}") = "Smart_Store.Entities", "Smart_Store.Entities\Smart_Store.Entities.csproj", "{95D44266-665E-4773-9EF5-DF66262B323D}"
EndProject
Project("{FAE04EC0-301F-11D3-BF4B-00C04F79EFBC}") = "Smart_Store.Database", "Smart_Store.Database\Smart_Store.Database.csproj", "{545A7ED1-0196-4CA5-9D64-B566D11921D9}"
EndProject
Global
	GlobalSection(SolutionConfigurationPlatforms) = preSolution
		Debug|Any CPU = Debug|Any CPU
		Release|Any CPU = Release|Any CPU
	EndGlobalSection
	GlobalSection(ProjectConfigurationPlatforms) = postSolution
		{B0D0F35E-02C6-423E-9E06-32747A904839}.Debug|Any CPU.ActiveCfg = Debug|Any CPU
		{B0D0F35E-02C6-423E-9E06-32747A904839}.Debug|Any CPU.Build.0 = Debug|Any CPU
		{B0D0F35E-02C6-423E-9E06-32747A904839}.Release|Any CPU.ActiveCfg = Release|Any CPU
		{B0D0F35E-02C6-423E-9E06-32747A904839}.Release|Any CPU.Build.0 = Release|Any CPU
		{95D44266-665E-4773-9EF5-DF66262B323D}.Debug|Any CPU.ActiveCfg = Debug|Any CPU
		{95D44266-665E-4773-9EF5-DF66262B323D}.Debug|Any CPU.Build.0 = Debug|Any CPU
		{95D44266-665E-4773-9EF5-DF66262B323D}.Release|Any CPU.ActiveCfg = Release|Any CPU
		{95D44266-665E-4773-9EF5-DF66262B323D}.Release|Any CPU.Build.0 = Release|Any CPU
		{545A7ED1-0196-4CA5-9D64-B566D11921D9}.Debug|Any CPU.ActiveCfg = Debug|Any CPU
		{545A7ED1-0196-4CA5-9D64-B566D11921D9}.Debug|Any CPU.Build.0 = Debug|Any CPU
		{545A7ED1-0196-4CA5-9D64-B566D11921D9}.Release|Any CPU.ActiveCfg = Release|Any CPU
		{545A7ED1-0196-4CA5-9D64-B566D11921D9}.Release|Any CPU.Build.0 = Release|Any CPU
	EndGlobalSection
	GlobalSection(SolutionProperties) = preSolution
		HideSolutionNode = FALSE
	EndGlobalSection
	GlobalSection(ExtensibilityGlobals) = postSolution
		SolutionGuid = {14DFE8F4-FE74-432A-AF85-F47B23759658}
	EndGlobalSection
EndGlobal
